{
  "name": "typescript",
  "lockfileVersion": 2,
  "requires": true,
  "packages": {
    "": {
      "devDependencies": {
        "@types/bootstrap": "^5.2.6"
      }
    },
    "node_modules/@popperjs/core": {
      "version": "2.11.8",
      "resolved": "https://registry.npmjs.org/@popperjs/core/-/core-2.11.8.tgz",
      "integrity": "sha512-P1st0aksCrn9sGZhp8GMYwBnQsbvAWsZAX44oXNNvLHGqAOcoVxmjZiohstwQ7SqKnbR47akdNi+uleWD8+g6A==",
      "dev": true,
      "funding": {
        "type": "opencollective",
        "url": "https://opencollective.com/popperjs"
      }
    },
    "node_modules/@types/bootstrap": {
      "version": "5.2.6",
      "resolved": "https://registry.npmjs.org/@types/bootstrap/-/bootstrap-5.2.6.tgz",
      "integrity": "sha512-BlAc3YATdasbHoxMoBWODrSF6qwQO/E9X8wVxCCSa6rWjnaZfpkr2N6pUMCY6jj2+wf0muUtLySbvU9etX6YqA==",
      "dev": true,
      "dependencies": {
        "@popperjs/core": "^2.9.2"
      }
    }
  },
  "dependencies": {
    "@popperjs/core": {
      "version": "2.11.8",
      "resolved": "https://registry.npmjs.org/@popperjs/core/-/core-2.11.8.tgz",
      "integrity": "sha512-P1st0aksCrn9sGZhp8GMYwBnQsbvAWsZAX44oXNNvLHGqAOcoVxmjZiohstwQ7SqKnbR47akdNi+uleWD8+g6A==",
      "dev": true
    },
    "@types/bootstrap": {
      "version": "5.2.6",
      "resolved": "https://registry.npmjs.org/@types/bootstrap/-/bootstrap-5.2.6.tgz",
      "integrity": "sha512-BlAc3YATdasbHoxMoBWODrSF6qwQO/E9X8wVxCCSa6rWjnaZfpkr2N6pUMCY6jj2+wf0muUtLySbvU9etX6YqA==",
      "dev": true,
      "requires": {
        "@popperjs/core": "^2.9.2"
      }
    }
  }
}
